
Microsoft Visual Studio Solution File, Format Version 12.00
# Visual Studio Version 17
VisualStudioVersion = 17.13.35818.85 d17.13
MinimumVisualStudioVersion = 10.0.40219.1
Project("{FAE04EC0-301F-11D3-BF4B-00C04F79EFBC}") = "tpmodul4_103022300071", "tpmodul4_103022300071.csproj", "{0D88BCC7-7ADA-4C6D-8350-A4FDD98A28E0}"
EndProject
Global
	GlobalSection(SolutionConfigurationPlatforms) = preSolution
		Debug|Any CPU = Debug|Any CPU
		Release|Any CPU = Release|Any CPU
	EndGlobalSection
	GlobalSection(ProjectConfigurationPlatforms) = postSolution
		{0D88BCC7-7ADA-4C6D-8350-A4FDD98A28E0}.Debug|Any CPU.ActiveCfg = Debug|Any CPU
		{0D88BCC7-7ADA-4C6D-8350-A4FDD98A28E0}.Debug|Any CPU.Build.0 = Debug|Any CPU
		{0D88BCC7-7ADA-4C6D-8350-A4FDD98A28E0}.Release|Any CPU.ActiveCfg = Release|Any CPU
		{0D88BCC7-7ADA-4C6D-8350-A4FDD98A28E0}.Release|Any CPU.Build.0 = Release|Any CPU
	EndGlobalSection
	GlobalSection(SolutionProperties) = preSolution
		HideSolutionNode = FALSE
	EndGlobalSection
	GlobalSection(ExtensibilityGlobals) = postSolution
		SolutionGuid = {4DAEBC07-7FF1-4AA6-BB2A-271F10913D41}
	EndGlobalSection
EndGlobal
